
Microsoft Visual Studio Solution File, Format Version 12.00
# Visual Studio 15
VisualStudioVersion = 15.0.27703.2042
MinimumVisualStudioVersion = 10.0.40219.1
Project("{8BC9CEB8-8B4A-11D0-8D11-00A0C91BC942}") = "face_authentication_for_picture", "face_authentication_for_picture\face_authentication_for_picture.vcxproj", "{45A2858D-B5FC-45FE-9552-4413104063CF}"
EndProject
Global
	GlobalSection(SolutionConfigurationPlatforms) = preSolution
		Debug|x64 = Debug|x64
		Debug|x86 = Debug|x86
		Release|x64 = Release|x64
		Release|x86 = Release|x86
	EndGlobalSection
	GlobalSection(ProjectConfigurationPlatforms) = postSolution
		{45A2858D-B5FC-45FE-9552-4413104063CF}.Debug|x64.ActiveCfg = Debug|x64
		{45A2858D-B5FC-45FE-9552-4413104063CF}.Debug|x64.Build.0 = Debug|x64
		{45A2858D-B5FC-45FE-9552-4413104063CF}.Debug|x86.ActiveCfg = Debug|Win32
		{45A2858D-B5FC-45FE-9552-4413104063CF}.Debug|x86.Build.0 = Debug|Win32
		{45A2858D-B5FC-45FE-9552-4413104063CF}.Release|x64.ActiveCfg = Release|x64
		{45A2858D-B5FC-45FE-9552-4413104063CF}.Release|x64.Build.0 = Release|x64
		{45A2858D-B5FC-45FE-9552-4413104063CF}.Release|x86.ActiveCfg = Release|Win32
		{45A2858D-B5FC-45FE-9552-4413104063CF}.Release|x86.Build.0 = Release|Win32
	EndGlobalSection
	GlobalSection(SolutionProperties) = preSolution
		HideSolutionNode = FALSE
	EndGlobalSection
	GlobalSection(ExtensibilityGlobals) = postSolution
		SolutionGuid = {D434EAF0-5852-4134-B30D-A60459CAF574}
	EndGlobalSection
EndGlobal
